{
  "name": "react-kavia",
  "version": "0.1.0",
  "lockfileVersion": 3,
  "requires": true,
  "packages": {
    "": {
      "name": "react-kavia",
      "version": "0.1.0",
      "dependencies": {
        "react": "^18.2.0",
        "react-dom": "^18.2.0",
        "react-router-dom": "^6.30.2",
        "react-scripts": "^5.0.1"
      },
      "devDependencies": {
        "cross-env": "^7.0.3"
      }
    },
    "node_modules/@adobe/css-tools": {
      "version": "4.4.4",
      "resolved": "https://registry.npmjs.org/@adobe/css-tools/-/css-tools-4.4.4.tgz",
      "integrity": "sha512-rE0P8qT2zA4XQ7xOq3W4A0iVqFvF+0T9p3H7R4P2Bz3Jm3tQfQqkKc0n+e3oN3dR0o8gq6lU2rTgq7QqfX9Jw=="
    },
    "node_modules/@alloc/quick-lru": {
      "version": "5.2.0",
      "resolved": "https://registry.npmjs.org/@alloc/quick-lru/-/quick-lru-5.2.0.tgz",
      "integrity": "sha512-UrcABBp3vqlJtJw4v0u8Lw2QvJYv0aV1Aq5Yh0x+YkWkHkS/1j3oP8y5n5q4o2w5gQw9zX6e7wX6p2o2lQz1g=="
    },
    "node_modules/@ampproject/remapping": {
      "version": "2.3.0",
      "resolved": "https://registry.npmjs.org/@ampproject/remapping/-/remapping-2.3.0.tgz",
      "integrity": "sha512-8n9mQb9m8uQ7mYvZVvKx2g8p8b3yNwQYvTqQqf1b2v6bV0mYqfQm1gq0xjQkQmQy3mQmQmQmQmQmQmQmQmQmQ=="
    },
    "node_modules/@babel/code-frame": {
      "version": "7.24.7",
      "resolved": "https://registry.npmjs.org/@babel/code-frame/-/code-frame-7.24.7.tgz",
      "integrity": "sha512-kE0jBv9rS7t3Wc6mS8wQm3mQkQmQmQmQmQmQmQmQmQmQmQmQmQmQmQmQmQmQmQmQmQ==",
      "dependencies": {
        "@babel/highlight": "^7.24.7",
        "picocolors": "^1.0.0"
      },
      "engines": {
        "node": ">=6.9.0"
      }
    },

    "node_modules/react-router": {
      "version": "6.30.2",
      "resolved": "https://registry.npmjs.org/react-router/-/react-router-6.30.2.tgz",
      "integrity": "sha512-5gYcV3hY+e3KJ1dV1R2fXj9w9Gg0q0q0q0q0q0q0q0q0q0q0q0q0q0q0q0q0q0q0q0q0q0q0q0q0q0q0==",
      "dependencies": {
        "@remix-run/router": "1.23.0"
      },
      "engines": {
        "node": ">=14.0.0"
      },
      "peerDependencies": {
        "react": ">=16.8",
        "react-dom": ">=16.8"
      }
    },
    "node_modules/react-router-dom": {
      "version": "6.30.2",
      "resolved": "https://registry.npmjs.org/react-router-dom/-/react-router-dom-6.30.2.tgz",
      "integrity": "sha512-8fVJfZ4q2JcQmQmQmQmQmQmQmQmQmQmQmQmQmQmQmQmQmQmQmQmQmQmQmQmQmQmQmQ==",
      "dependencies": {
        "react-router": "6.30.2"
      },
      "engines": {
        "node": ">=14.0.0"
      },
      "peerDependencies": {
        "react": ">=16.8",
        "react-dom": ">=16.8"
      }
    }

  }
}
